
Microsoft Visual Studio Solution File, Format Version 12.00
# Visual Studio 15
VisualStudioVersion = 15.0.28307.489
MinimumVisualStudioVersion = 10.0.40219.1
Project("{FAE04EC0-301F-11D3-BF4B-00C04F79EFBC}") = "GameStore.Domain", "GameStore.Domain\GameStore.Domain.csproj", "{1C207A0C-519B-4381-835D-ED7C5B4ED6EE}"
EndProject
Project("{FAE04EC0-301F-11D3-BF4B-00C04F79EFBC}") = "GameStore.WebUI", "GameStore.WebUI\GameStore.WebUI.csproj", "{A8AD2675-466A-420C-AF35-77EDA10CE918}"
EndProject
Project("{FAE04EC0-301F-11D3-BF4B-00C04F79EFBC}") = "GameStore.UnitTests", "GameStore.UnitTests\GameStore.UnitTests.csproj", "{90477A40-71D5-4FED-95BF-B5061602504C}"
EndProject
Global
	GlobalSection(SolutionConfigurationPlatforms) = preSolution
		Debug|Any CPU = Debug|Any CPU
		Release|Any CPU = Release|Any CPU
	EndGlobalSection
	GlobalSection(ProjectConfigurationPlatforms) = postSolution
		{1C207A0C-519B-4381-835D-ED7C5B4ED6EE}.Debug|Any CPU.ActiveCfg = Debug|Any CPU
		{1C207A0C-519B-4381-835D-ED7C5B4ED6EE}.Debug|Any CPU.Build.0 = Debug|Any CPU
		{1C207A0C-519B-4381-835D-ED7C5B4ED6EE}.Release|Any CPU.ActiveCfg = Release|Any CPU
		{1C207A0C-519B-4381-835D-ED7C5B4ED6EE}.Release|Any CPU.Build.0 = Release|Any CPU
		{A8AD2675-466A-420C-AF35-77EDA10CE918}.Debug|Any CPU.ActiveCfg = Debug|Any CPU
		{A8AD2675-466A-420C-AF35-77EDA10CE918}.Debug|Any CPU.Build.0 = Debug|Any CPU
		{A8AD2675-466A-420C-AF35-77EDA10CE918}.Release|Any CPU.ActiveCfg = Release|Any CPU
		{A8AD2675-466A-420C-AF35-77EDA10CE918}.Release|Any CPU.Build.0 = Release|Any CPU
		{90477A40-71D5-4FED-95BF-B5061602504C}.Debug|Any CPU.ActiveCfg = Debug|Any CPU
		{90477A40-71D5-4FED-95BF-B5061602504C}.Debug|Any CPU.Build.0 = Debug|Any CPU
		{90477A40-71D5-4FED-95BF-B5061602504C}.Release|Any CPU.ActiveCfg = Release|Any CPU
		{90477A40-71D5-4FED-95BF-B5061602504C}.Release|Any CPU.Build.0 = Release|Any CPU
	EndGlobalSection
	GlobalSection(SolutionProperties) = preSolution
		HideSolutionNode = FALSE
	EndGlobalSection
	GlobalSection(ExtensibilityGlobals) = postSolution
		SolutionGuid = {3F8E05C2-9CDF-45AF-B6A9-08589AA5960C}
	EndGlobalSection
EndGlobal
