
Microsoft Visual Studio Solution File, Format Version 12.00
# Visual Studio 15
VisualStudioVersion = 15.0.28307.489
MinimumVisualStudioVersion = 10.0.40219.1
Project("{FAE04EC0-301F-11D3-BF4B-00C04F79EFBC}") = "MyMusic", "MyMusic\MyMusic.csproj", "{0DFAE791-7DC8-4066-9D14-B64BA96A554E}"
EndProject
Global
	GlobalSection(SolutionConfigurationPlatforms) = preSolution
		Debug|Any CPU = Debug|Any CPU
		Release|Any CPU = Release|Any CPU
	EndGlobalSection
	GlobalSection(ProjectConfigurationPlatforms) = postSolution
		{0DFAE791-7DC8-4066-9D14-B64BA96A554E}.Debug|Any CPU.ActiveCfg = Debug|Any CPU
		{0DFAE791-7DC8-4066-9D14-B64BA96A554E}.Debug|Any CPU.Build.0 = Debug|Any CPU
		{0DFAE791-7DC8-4066-9D14-B64BA96A554E}.Release|Any CPU.ActiveCfg = Release|Any CPU
		{0DFAE791-7DC8-4066-9D14-B64BA96A554E}.Release|Any CPU.Build.0 = Release|Any CPU
	EndGlobalSection
	GlobalSection(SolutionProperties) = preSolution
		HideSolutionNode = FALSE
	EndGlobalSection
	GlobalSection(ExtensibilityGlobals) = postSolution
		SolutionGuid = {E2E6A31D-359A-4EBB-AEFB-BD4DF0C155E8}
	EndGlobalSection
EndGlobal
